
Microsoft Visual Studio Solution File, Format Version 12.00
# Visual Studio Version 17
VisualStudioVersion = 17.12.35527.113
MinimumVisualStudioVersion = 10.0.40219.1
Project("{9A19103F-16F7-4668-BE54-9A1E7A4F7556}") = "WorkOS.API", "WorkOS.API\WorkOS.API.csproj", "{91503199-B1BF-4EF5-9211-B7C586EFA278}"
EndProject
Project("{9A19103F-16F7-4668-BE54-9A1E7A4F7556}") = "WorkOS.AppHost", "WorkOS.AppHost\WorkOS.AppHost.csproj", "{307D7615-51E2-48AA-827A-4DE0E2035BB5}"
EndProject
Project("{9A19103F-16F7-4668-BE54-9A1E7A4F7556}") = "WorkOS.ServiceDefaults", "WorkOS.ServiceDefaults\WorkOS.ServiceDefaults.csproj", "{54E01579-B81A-4738-B494-BC6ECA64ABEE}"
EndProject
Project("{9A19103F-16F7-4668-BE54-9A1E7A4F7556}") = "WorkOS.Data", "WorkOS.Data\WorkOS.Data.csproj", "{F45A2056-90DF-4CB2-8DD6-E386DA78ED54}"
EndProject
Project("{9A19103F-16F7-4668-BE54-9A1E7A4F7556}") = "WorkOS.BlazorServer", "WorkOS.BlazorServer\WorkOS.BlazorServer.csproj", "{9E84A7CE-5BAA-465E-ACFF-7E419947E7AE}"
EndProject
Project("{9A19103F-16F7-4668-BE54-9A1E7A4F7556}") = "WorkOS.Shared", "WorkOS.Shared\WorkOS.Shared.csproj", "{4FDF5992-DA61-4EE5-9A77-7D63B33847AD}"
EndProject
Global
	GlobalSection(SolutionConfigurationPlatforms) = preSolution
		Debug|Any CPU = Debug|Any CPU
		Release|Any CPU = Release|Any CPU
	EndGlobalSection
	GlobalSection(ProjectConfigurationPlatforms) = postSolution
		{91503199-B1BF-4EF5-9211-B7C586EFA278}.Debug|Any CPU.ActiveCfg = Debug|Any CPU
		{91503199-B1BF-4EF5-9211-B7C586EFA278}.Debug|Any CPU.Build.0 = Debug|Any CPU
		{91503199-B1BF-4EF5-9211-B7C586EFA278}.Release|Any CPU.ActiveCfg = Release|Any CPU
		{91503199-B1BF-4EF5-9211-B7C586EFA278}.Release|Any CPU.Build.0 = Release|Any CPU
		{307D7615-51E2-48AA-827A-4DE0E2035BB5}.Debug|Any CPU.ActiveCfg = Debug|Any CPU
		{307D7615-51E2-48AA-827A-4DE0E2035BB5}.Debug|Any CPU.Build.0 = Debug|Any CPU
		{307D7615-51E2-48AA-827A-4DE0E2035BB5}.Release|Any CPU.ActiveCfg = Release|Any CPU
		{307D7615-51E2-48AA-827A-4DE0E2035BB5}.Release|Any CPU.Build.0 = Release|Any CPU
		{54E01579-B81A-4738-B494-BC6ECA64ABEE}.Debug|Any CPU.ActiveCfg = Debug|Any CPU
		{54E01579-B81A-4738-B494-BC6ECA64ABEE}.Debug|Any CPU.Build.0 = Debug|Any CPU
		{54E01579-B81A-4738-B494-BC6ECA64ABEE}.Release|Any CPU.ActiveCfg = Release|Any CPU
		{54E01579-B81A-4738-B494-BC6ECA64ABEE}.Release|Any CPU.Build.0 = Release|Any CPU
		{F45A2056-90DF-4CB2-8DD6-E386DA78ED54}.Debug|Any CPU.ActiveCfg = Debug|Any CPU
		{F45A2056-90DF-4CB2-8DD6-E386DA78ED54}.Debug|Any CPU.Build.0 = Debug|Any CPU
		{F45A2056-90DF-4CB2-8DD6-E386DA78ED54}.Release|Any CPU.ActiveCfg = Release|Any CPU
		{F45A2056-90DF-4CB2-8DD6-E386DA78ED54}.Release|Any CPU.Build.0 = Release|Any CPU
		{9E84A7CE-5BAA-465E-ACFF-7E419947E7AE}.Debug|Any CPU.ActiveCfg = Debug|Any CPU
		{9E84A7CE-5BAA-465E-ACFF-7E419947E7AE}.Debug|Any CPU.Build.0 = Debug|Any CPU
		{9E84A7CE-5BAA-465E-ACFF-7E419947E7AE}.Release|Any CPU.ActiveCfg = Release|Any CPU
		{9E84A7CE-5BAA-465E-ACFF-7E419947E7AE}.Release|Any CPU.Build.0 = Release|Any CPU
		{4FDF5992-DA61-4EE5-9A77-7D63B33847AD}.Debug|Any CPU.ActiveCfg = Debug|Any CPU
		{4FDF5992-DA61-4EE5-9A77-7D63B33847AD}.Debug|Any CPU.Build.0 = Debug|Any CPU
		{4FDF5992-DA61-4EE5-9A77-7D63B33847AD}.Release|Any CPU.ActiveCfg = Release|Any CPU
		{4FDF5992-DA61-4EE5-9A77-7D63B33847AD}.Release|Any CPU.Build.0 = Release|Any CPU
	EndGlobalSection
	GlobalSection(SolutionProperties) = preSolution
		HideSolutionNode = FALSE
	EndGlobalSection
	GlobalSection(ExtensibilityGlobals) = postSolution
		SolutionGuid = {1BE49B28-507D-47B4-A515-0B8A5627B07B}
	EndGlobalSection
EndGlobal
